// !$*UTF8*$!
{
	archiveVersion = 1;
	classes = {
	};
	objectVersion = 46;
	objects = {

/* Begin PBXBuildFile section */
		12D9377D1BCA45EF004A581C /* main.m in Sources */ = {isa = PBXBuildFile; fileRef = 12D9377C1BCA45EF004A581C /* main.m */; };
		12D937801BCA45EF004A581C /* AppDelegate.m in Sources */ = {isa = PBXBuildFile; fileRef = 12D9377F1BCA45EF004A581C /* AppDelegate.m */; };
		12D937831BCA45EF004A581C /* ViewController.m in Sources */ = {isa = PBXBuildFile; fileRef = 12D937821BCA45EF004A581C /* ViewController.m */; };
		12D937861BCA45EF004A581C /* Main.storyboard in Resources */ = {isa = PBXBuildFile; fileRef = 12D937841BCA45EF004A581C /* Main.storyboard */; };
		12D937881BCA45EF004A581C /* Assets.xcassets in Resources */ = {isa = PBXBuildFile; fileRef = 12D937871BCA45EF004A581C /* Assets.xcassets */; };
		12D9378B1BCA45EF004A581C /* LaunchScreen.storyboard in Resources */ = {isa = PBXBuildFile; fileRef = 12D937891BCA45EF004A581C /* LaunchScreen.storyboard */; };
		12D937941BCA46B9004A581C /* GamePlayer.m in Sources */ = {isa = PBXBuildFile; fileRef = 12D937931BCA46B9004A581C /* GamePlayer.m */; settings = {ASSET_TAGS = (); }; };
		12D937981BCA4726004A581C /* DecoratorGamePlayer.m in Sources */ = {isa = PBXBuildFile; fileRef = 12D937971BCA4726004A581C /* DecoratorGamePlayer.m */; settings = {ASSET_TAGS = (); }; };
/* End PBXBuildFile section */

/* Begin PBXFileReference section */
		12D937781BCA45EF004A581C /* DecoratorPatternSample.app */ = {isa = PBXFileReference; explicitFileType = wrapper.application; includeInIndex = 0; path = DecoratorPatternSample.app; sourceTree = BUILT_PRODUCTS_DIR; };
		12D9377C1BCA45EF004A581C /* main.m */ = {isa = PBXFileReference; lastKnownFileType = sourcecode.c.objc; path = main.m; sourceTree = "<group>"; };
		12D9377E1BCA45EF004A581C /* AppDelegate.h */ = {isa = PBXFileReference; lastKnownFileType = sourcecode.c.h; path = AppDelegate.h; sourceTree = "<group>"; };
		12D9377F1BCA45EF004A581C /* AppDelegate.m */ = {isa = PBXFileReference; lastKnownFileType = sourcecode.c.objc; path = AppDelegate.m; sourceTree = "<group>"; };
		12D937811BCA45EF004A581C /* ViewController.h */ = {isa = PBXFileReference; lastKnownFileType = sourcecode.c.h; path = ViewController.h; sourceTree = "<group>"; };
		12D937821BCA45EF004A581C /* ViewController.m */ = {isa = PBXFileReference; lastKnownFileType = sourcecode.c.objc; path = ViewController.m; sourceTree = "<group>"; };
		12D937851BCA45EF004A581C /* Base */ = {isa = PBXFileReference; lastKnownFileType = file.storyboard; name = Base; path = Base.lproj/Main.storyboard; sourceTree = "<group>"; };
		12D937871BCA45EF004A581C /* Assets.xcassets */ = {isa = PBXFileReference; lastKnownFileType = folder.assetcatalog; path = Assets.xcassets; sourceTree = "<group>"; };
		12D9378A1BCA45EF004A581C /* Base */ = {isa = PBXFileReference; lastKnownFileType = file.storyboard; name = Base; path = Base.lproj/LaunchScreen.storyboard; sourceTree = "<group>"; };
		12D9378C1BCA45EF004A581C /* Info.plist */ = {isa = PBXFileReference; lastKnownFileType = text.plist.xml; path = Info.plist; sourceTree = "<group>"; };
		12D937921BCA46B9004A581C /* GamePlayer.h */ = {isa = PBXFileReference; fileEncoding = 4; lastKnownFileType = sourcecode.c.h; path = GamePlayer.h; sourceTree = "<group>"; };
		12D937931BCA46B9004A581C /* GamePlayer.m */ = {isa = PBXFileReference; fileEncoding = 4; lastKnownFileType = sourcecode.c.objc; path = GamePlayer.m; sourceTree = "<group>"; };
		12D937961BCA4726004A581C /* DecoratorGamePlayer.h */ = {isa = PBXFileReference; fileEncoding = 4; lastKnownFileType = sourcecode.c.h; path = DecoratorGamePlayer.h; sourceTree = "<group>"; };
		12D937971BCA4726004A581C /* DecoratorGamePlayer.m */ = {isa = PBXFileReference; fileEncoding = 4; lastKnownFileType = sourcecode.c.objc; path = DecoratorGamePlayer.m; sourceTree = "<group>"; };
/* End PBXFileReference section */

/* Begin PBXFrameworksBuildPhase section */
		12D937751BCA45EF004A581C /* Frameworks */ = {
			isa = PBXFrameworksBuildPhase;
			buildActionMask = 2147483647;
			files = (
			);
			runOnlyForDeploymentPostprocessing = 0;
		};
/* End PBXFrameworksBuildPhase section */

/* Begin PBXGroup section */
		12D9376F1BCA45EF004A581C = {
			isa = PBXGroup;
			children = (
				12D9377A1BCA45EF004A581C /* DecoratorPatternSample */,
				12D937791BCA45EF004A581C /* Products */,
			);
			sourceTree = "<group>";
		};
		12D937791BCA45EF004A581C /* Products */ = {
			isa = PBXGroup;
			children = (
				12D937781BCA45EF004A581C /* DecoratorPatternSample.app */,
			);
			name = Products;
			sourceTree = "<group>";
		};
		12D9377A1BCA45EF004A581C /* DecoratorPatternSample */ = {
			isa = PBXGroup;
			children = (
				12D9377E1BCA45EF004A581C /* AppDelegate.h */,
				12D9377F1BCA45EF004A581C /* AppDelegate.m */,
				12D937811BCA45EF004A581C /* ViewController.h */,
				12D937821BCA45EF004A581C /* ViewController.m */,
				12D937951BCA46BF004A581C /* Game */,
				12D937841BCA45EF004A581C /* Main.storyboard */,
				12D937871BCA45EF004A581C /* Assets.xcassets */,
				12D937891BCA45EF004A581C /* LaunchScreen.storyboard */,
				12D9378C1BCA45EF004A581C /* Info.plist */,
				12D9377B1BCA45EF004A581C /* Supporting Files */,
			);
			path = DecoratorPatternSample;
			sourceTree = "<group>";
		};
		12D9377B1BCA45EF004A581C /* Supporting Files */ = {
			isa = PBXGroup;
			children = (
				12D9377C1BCA45EF004A581C /* main.m */,
			);
			name = "Supporting Files";
			sourceTree = "<group>";
		};
		12D937951BCA46BF004A581C /* Game */ = {
			isa = PBXGroup;
			children = (
				12D937921BCA46B9004A581C /* GamePlayer.h */,
				12D937931BCA46B9004A581C /* GamePlayer.m */,
				12D937961BCA4726004A581C /* DecoratorGamePlayer.h */,
				12D937971BCA4726004A581C /* DecoratorGamePlayer.m */,
			);
			name = Game;
			sourceTree = "<group>";
		};
/* End PBXGroup section */

/* Begin PBXNativeTarget section */
		12D937771BCA45EF004A581C /* DecoratorPatternSample */ = {
			isa = PBXNativeTarget;
			buildConfigurationList = 12D9378F1BCA45EF004A581C /* Build configuration list for PBXNativeTarget "DecoratorPatternSample" */;
			buildPhases = (
				12D937741BCA45EF004A581C /* Sources */,
				12D937751BCA45EF004A581C /* Frameworks */,
				12D937761BCA45EF004A581C /* Resources */,
			);
			buildRules = (
			);
			dependencies = (
			);
			name = DecoratorPatternSample;
			productName = DecoratorPatternSample;
			productReference = 12D937781BCA45EF004A581C /* DecoratorPatternSample.app */;
			productType = "com.apple.product-type.application";
		};
/* End PBXNativeTarget section */

/* Begin PBXProject section */
		12D937701BCA45EF004A581C /* Project object */ = {
			isa = PBXProject;
			attributes = {
				LastUpgradeCheck = 0700;
				ORGANIZATIONNAME = lance;
				TargetAttributes = {
					12D937771BCA45EF004A581C = {
						CreatedOnToolsVersion = 7.0;
					};
				};
			};
			buildConfigurationList = 12D937731BCA45EF004A581C /* Build configuration list for PBXProject "DecoratorPatternSample" */;
			compatibilityVersion = "Xcode 3.2";
			developmentRegion = English;
			hasScannedForEncodings = 0;
			knownRegions = (
				en,
				Base,
			);
			mainGroup = 12D9376F1BCA45EF004A581C;
			productRefGroup = 12D937791BCA45EF004A581C /* Products */;
			projectDirPath = "";
			projectRoot = "";
			targets = (
				12D937771BCA45EF004A581C /* DecoratorPatternSample */,
			);
		};
/* End PBXProject section */

/* Begin PBXResourcesBuildPhase section */
		12D937761BCA45EF004A581C /* Resources */ = {
			isa = PBXResourcesBuildPhase;
			buildActionMask = 2147483647;
			files = (
				12D9378B1BCA45EF004A581C /* LaunchScreen.storyboard in Resources */,
				12D937881BCA45EF004A581C /* Assets.xcassets in Resources */,
				12D937861BCA45EF004A581C /* Main.storyboard in Resources */,
			);
			runOnlyForDeploymentPostprocessing = 0;
		};
/* End PBXResourcesBuildPhase section */

/* Begin PBXSourcesBuildPhase section */
		12D937741BCA45EF004A581C /* Sources */ = {
			isa = PBXSourcesBuildPhase;
			buildActionMask = 2147483647;
			files = (
				12D937981BCA4726004A581C /* DecoratorGamePlayer.m in Sources */,
				12D937831BCA45EF004A581C /* ViewController.m in Sources */,
				12D937801BCA45EF004A581C /* AppDelegate.m in Sources */,
				12D937941BCA46B9004A581C /* GamePlayer.m in Sources */,
				12D9377D1BCA45EF004A581C /* main.m in Sources */,
			);
			runOnlyForDeploymentPostprocessing = 0;
		};
/* End PBXSourcesBuildPhase section */

/* Begin PBXVariantGroup section */
		12D937841BCA45EF004A581C /* Main.storyboard */ = {
			isa = PBXVariantGroup;
			children = (
				12D937851BCA45EF004A581C /* Base */,
			);
			name = Main.storyboard;
			sourceTree = "<group>";
		};
		12D937891BCA45EF004A581C /* LaunchScreen.storyboard */ = {
			isa = PBXVariantGroup;
			children = (
				12D9378A1BCA45EF004A581C /* Base */,
			);
			name = LaunchScreen.storyboard;
			sourceTree = "<group>";
		};
/* End PBXVariantGroup section */

/* Begin XCBuildConfiguration section */
		12D9378D1BCA45EF004A581C /* Debug */ = {
			isa = XCBuildConfiguration;
			buildSettings = {
				ALWAYS_SEARCH_USER_PATHS = NO;
				CLANG_CXX_LANGUAGE_STANDARD = "gnu++0x";
				CLANG_CXX_LIBRARY = "libc++";
				CLANG_ENABLE_MODULES = YES;
				CLANG_ENABLE_OBJC_ARC = YES;
				CLANG_WARN_BOOL_CONVERSION = YES;
				CLANG_WARN_CONSTANT_CONVERSION = YES;
				CLANG_WARN_DIRECT_OBJC_ISA_USAGE = YES_ERROR;
				CLANG_WARN_EMPTY_BODY = YES;
				CLANG_WARN_ENUM_CONVERSION = YES;
				CLANG_WARN_INT_CONVERSION = YES;
				CLANG_WARN_OBJC_ROOT_CLASS = YES_ERROR;
				CLANG_WARN_UNREACHABLE_CODE = YES;
				CLANG_WARN__DUPLICATE_METHOD_MATCH = YES;
				"CODE_SIGN_IDENTITY[sdk=iphoneos*]" = "iPhone Developer";
				COPY_PHASE_STRIP = NO;
				DEBUG_INFORMATION_FORMAT = dwarf;
				ENABLE_STRICT_OBJC_MSGSEND = YES;
				ENABLE_TESTABILITY = YES;
				GCC_C_LANGUAGE_STANDARD = gnu99;
				GCC_DYNAMIC_NO_PIC = NO;
				GCC_NO_COMMON_BLOCKS = YES;
				GCC_OPTIMIZATION_LEVEL = 0;
				GCC_PREPROCESSOR_DEFINITIONS = (
					"DEBUG=1",
					"$(inherited)",
				);
				GCC_WARN_64_TO_32_BIT_CONVERSION = YES;
				GCC_WARN_ABOUT_RETURN_TYPE = YES_ERROR;
				GCC_WARN_UNDECLARED_SELECTOR = YES;
				GCC_WARN_UNINITIALIZED_AUTOS = YES_AGGRESSIVE;
				GCC_WARN_UNUSED_FUNCTION = YES;
				GCC_WARN_UNUSED_VARIABLE = YES;
				IPHONEOS_DEPLOYMENT_TARGET = 9.0;
				MTL_ENABLE_DEBUG_INFO = YES;
				ONLY_ACTIVE_ARCH = YES;
				SDKROOT = iphoneos;
				TARGETED_DEVICE_FAMILY = "1,2";
			};
			name = Debug;
		};
		12D9378E1BCA45EF004A581C /* Release */ = {
			isa = XCBuildConfiguration;
			buildSettings = {
				ALWAYS_SEARCH_USER_PATHS = NO;
				CLANG_CXX_LANGUAGE_STANDARD = "gnu++0x";
				CLANG_CXX_LIBRARY = "libc++";
				CLANG_ENABLE_MODULES = YES;
				CLANG_ENABLE_OBJC_ARC = YES;
				CLANG_WARN_BOOL_CONVERSION = YES;
				CLANG_WARN_CONSTANT_CONVERSION = YES;
				CLANG_WARN_DIRECT_OBJC_ISA_USAGE = YES_ERROR;
				CLANG_WARN_EMPTY_BODY = YES;
				CLANG_WARN_ENUM_CONVERSION = YES;
				CLANG_WARN_INT_CONVERSION = YES;
				CLANG_WARN_OBJC_ROOT_CLASS = YES_ERROR;
				CLANG_WARN_UNREACHABLE_CODE = YES;
				CLANG_WARN__DUPLICATE_METHOD_MATCH = YES;
				"CODE_SIGN_IDENTITY[sdk=iphoneos*]" = "iPhone Developer";
				COPY_PHASE_STRIP = NO;
				DEBUG_INFORMATION_FORMAT = "dwarf-with-dsym";
				ENABLE_NS_ASSERTIONS = NO;
				ENABLE_STRICT_OBJC_MSGSEND = YES;
				GCC_C_LANGUAGE_STANDARD = gnu99;
				GCC_NO_COMMON_BLOCKS = YES;
				GCC_WARN_64_TO_32_BIT_CONVERSION = YES;
				GCC_WARN_ABOUT_RETURN_TYPE = YES_ERROR;
				GCC_WARN_UNDECLARED_SELECTOR = YES;
				GCC_WARN_UNINITIALIZED_AUTOS = YES_AGGRESSIVE;
				GCC_WARN_UNUSED_FUNCTION = YES;
				GCC_WARN_UNUSED_VARIABLE = YES;
				IPHONEOS_DEPLOYMENT_TARGET = 9.0;
				MTL_ENABLE_DEBUG_INFO = NO;
				SDKROOT = iphoneos;
				TARGETED_DEVICE_FAMILY = "1,2";
				VALIDATE_PRODUCT = YES;
			};
			name = Release;
		};
		12D937901BCA45EF004A581C /* Debug */ = {
			isa = XCBuildConfiguration;
			buildSettings = {
				ASSETCATALOG_COMPILER_APPICON_NAME = AppIcon;
				INFOPLIST_FILE = DecoratorPatternSample/Info.plist;
				LD_RUNPATH_SEARCH_PATHS = "$(inherited) @executable_path/Frameworks";
				PRODUCT_BUNDLE_IDENTIFIER = com.lance.DecoratorPatternSample;
				PRODUCT_NAME = "$(TARGET_NAME)";
			};
			name = Debug;
		};
		12D937911BCA45EF004A581C /* Release */ = {
			isa = XCBuildConfiguration;
			buildSettings = {
				ASSETCATALOG_COMPILER_APPICON_NAME = AppIcon;
				INFOPLIST_FILE = DecoratorPatternSample/Info.plist;
				LD_RUNPATH_SEARCH_PATHS = "$(inherited) @executable_path/Frameworks";
				PRODUCT_BUNDLE_IDENTIFIER = com.lance.DecoratorPatternSample;
				PRODUCT_NAME = "$(TARGET_NAME)";
			};
			name = Release;
		};
/* End XCBuildConfiguration section */

/* Begin XCConfigurationList section */
		12D937731BCA45EF004A581C /* Build configuration list for PBXProject "DecoratorPatternSample" */ = {
			isa = XCConfigurationList;
			buildConfigurations = (
				12D9378D1BCA45EF004A581C /* Debug */,
				12D9378E1BCA45EF004A581C /* Release */,
			);
			defaultConfigurationIsVisible = 0;
			defaultConfigurationName = Release;
		};
		12D9378F1BCA45EF004A581C /* Build configuration list for PBXNativeTarget "DecoratorPatternSample" */ = {
			isa = XCConfigurationList;
			buildConfigurations = (
				12D937901BCA45EF004A581C /* Debug */,
				12D937911BCA45EF004A581C /* Release */,
			);
			defaultConfigurationIsVisible = 0;
		};
/* End XCConfigurationList section */
	};
	rootObject = 12D937701BCA45EF004A581C /* Project object */;
}
